
Microsoft Visual Studio Solution File, Format Version 12.00
# Visual Studio Version 17
VisualStudioVersion = 17.0.31919.166
MinimumVisualStudioVersion = 10.0.40219.1
Project("{8BC9CEB8-8B4A-11D0-8D11-00A0C91BC942}") = "백준_14주차_N과M(1)", "백준_14주차_N과M(1).vcxproj", "{CB90A9D9-AD09-4D45-A50C-9159513D87BD}"
EndProject
Global
	GlobalSection(SolutionConfigurationPlatforms) = preSolution
		Debug|x64 = Debug|x64
		Debug|x86 = Debug|x86
		Release|x64 = Release|x64
		Release|x86 = Release|x86
	EndGlobalSection
	GlobalSection(ProjectConfigurationPlatforms) = postSolution
		{CB90A9D9-AD09-4D45-A50C-9159513D87BD}.Debug|x64.ActiveCfg = Debug|x64
		{CB90A9D9-AD09-4D45-A50C-9159513D87BD}.Debug|x64.Build.0 = Debug|x64
		{CB90A9D9-AD09-4D45-A50C-9159513D87BD}.Debug|x86.ActiveCfg = Debug|Win32
		{CB90A9D9-AD09-4D45-A50C-9159513D87BD}.Debug|x86.Build.0 = Debug|Win32
		{CB90A9D9-AD09-4D45-A50C-9159513D87BD}.Release|x64.ActiveCfg = Release|x64
		{CB90A9D9-AD09-4D45-A50C-9159513D87BD}.Release|x64.Build.0 = Release|x64
		{CB90A9D9-AD09-4D45-A50C-9159513D87BD}.Release|x86.ActiveCfg = Release|Win32
		{CB90A9D9-AD09-4D45-A50C-9159513D87BD}.Release|x86.Build.0 = Release|Win32
	EndGlobalSection
	GlobalSection(SolutionProperties) = preSolution
		HideSolutionNode = FALSE
	EndGlobalSection
	GlobalSection(ExtensibilityGlobals) = postSolution
		SolutionGuid = {CCF0C110-B443-40E3-81AF-836B9B78FE51}
	EndGlobalSection
EndGlobal
