
Microsoft Visual Studio Solution File, Format Version 12.00
# Visual Studio Version 17
VisualStudioVersion = 17.0.31919.166
MinimumVisualStudioVersion = 10.0.40219.1
Project("{8BC9CEB8-8B4A-11D0-8D11-00A0C91BC942}") = "백준_10주차_소가길을건너간이유3", "백준_10주차_소가길을건너간이유3.vcxproj", "{19DD145F-4EF6-4106-88A7-CED12DB44010}"
EndProject
Global
	GlobalSection(SolutionConfigurationPlatforms) = preSolution
		Debug|x64 = Debug|x64
		Debug|x86 = Debug|x86
		Release|x64 = Release|x64
		Release|x86 = Release|x86
	EndGlobalSection
	GlobalSection(ProjectConfigurationPlatforms) = postSolution
		{19DD145F-4EF6-4106-88A7-CED12DB44010}.Debug|x64.ActiveCfg = Debug|x64
		{19DD145F-4EF6-4106-88A7-CED12DB44010}.Debug|x64.Build.0 = Debug|x64
		{19DD145F-4EF6-4106-88A7-CED12DB44010}.Debug|x86.ActiveCfg = Debug|Win32
		{19DD145F-4EF6-4106-88A7-CED12DB44010}.Debug|x86.Build.0 = Debug|Win32
		{19DD145F-4EF6-4106-88A7-CED12DB44010}.Release|x64.ActiveCfg = Release|x64
		{19DD145F-4EF6-4106-88A7-CED12DB44010}.Release|x64.Build.0 = Release|x64
		{19DD145F-4EF6-4106-88A7-CED12DB44010}.Release|x86.ActiveCfg = Release|Win32
		{19DD145F-4EF6-4106-88A7-CED12DB44010}.Release|x86.Build.0 = Release|Win32
	EndGlobalSection
	GlobalSection(SolutionProperties) = preSolution
		HideSolutionNode = FALSE
	EndGlobalSection
	GlobalSection(ExtensibilityGlobals) = postSolution
		SolutionGuid = {126A7820-E819-4E77-8511-64BDC631C0C9}
	EndGlobalSection
EndGlobal
