
Microsoft Visual Studio Solution File, Format Version 12.00
# Visual Studio Version 17
VisualStudioVersion = 17.0.31919.166
MinimumVisualStudioVersion = 10.0.40219.1
Project("{8BC9CEB8-8B4A-11D0-8D11-00A0C91BC942}") = "백준_39주차_카드구매하기", "백준_39주차_카드구매하기.vcxproj", "{24689F62-08F7-4EE9-8027-191D7121CB21}"
EndProject
Global
	GlobalSection(SolutionConfigurationPlatforms) = preSolution
		Debug|x64 = Debug|x64
		Debug|x86 = Debug|x86
		Release|x64 = Release|x64
		Release|x86 = Release|x86
	EndGlobalSection
	GlobalSection(ProjectConfigurationPlatforms) = postSolution
		{24689F62-08F7-4EE9-8027-191D7121CB21}.Debug|x64.ActiveCfg = Debug|x64
		{24689F62-08F7-4EE9-8027-191D7121CB21}.Debug|x64.Build.0 = Debug|x64
		{24689F62-08F7-4EE9-8027-191D7121CB21}.Debug|x86.ActiveCfg = Debug|Win32
		{24689F62-08F7-4EE9-8027-191D7121CB21}.Debug|x86.Build.0 = Debug|Win32
		{24689F62-08F7-4EE9-8027-191D7121CB21}.Release|x64.ActiveCfg = Release|x64
		{24689F62-08F7-4EE9-8027-191D7121CB21}.Release|x64.Build.0 = Release|x64
		{24689F62-08F7-4EE9-8027-191D7121CB21}.Release|x86.ActiveCfg = Release|Win32
		{24689F62-08F7-4EE9-8027-191D7121CB21}.Release|x86.Build.0 = Release|Win32
	EndGlobalSection
	GlobalSection(SolutionProperties) = preSolution
		HideSolutionNode = FALSE
	EndGlobalSection
	GlobalSection(ExtensibilityGlobals) = postSolution
		SolutionGuid = {5F069FCB-8EA9-4546-A977-139995097466}
	EndGlobalSection
EndGlobal
